// !$*UTF8*$!
{
	archiveVersion = 1;
	classes = {
	};
	objectVersion = 46;
	objects = {

/* Begin PBXBuildFile section */
		BFB49F5E19CDF2E7006EE708 /* Foundation.framework in Frameworks */ = {isa = PBXBuildFile; fileRef = BFB49F5D19CDF2E7006EE708 /* Foundation.framework */; };
		BFB49F6019CDF2E7006EE708 /* CoreGraphics.framework in Frameworks */ = {isa = PBXBuildFile; fileRef = BFB49F5F19CDF2E7006EE708 /* CoreGraphics.framework */; };
		BFB49F6219CDF2E7006EE708 /* UIKit.framework in Frameworks */ = {isa = PBXBuildFile; fileRef = BFB49F6119CDF2E7006EE708 /* UIKit.framework */; };
		BFB49F6819CDF2E7006EE708 /* InfoPlist.strings in Resources */ = {isa = PBXBuildFile; fileRef = BFB49F6619CDF2E7006EE708 /* InfoPlist.strings */; };
		BFB49F6A19CDF2E7006EE708 /* main.m in Sources */ = {isa = PBXBuildFile; fileRef = BFB49F6919CDF2E7006EE708 /* main.m */; };
		BFB49F6E19CDF2E7006EE708 /* BRLAppDelegate.m in Sources */ = {isa = PBXBuildFile; fileRef = BFB49F6D19CDF2E7006EE708 /* BRLAppDelegate.m */; };
		BFB49F7019CDF2E7006EE708 /* Images.xcassets in Resources */ = {isa = PBXBuildFile; fileRef = BFB49F6F19CDF2E7006EE708 /* Images.xcassets */; };
		BFB49F7719CDF2E7006EE708 /* XCTest.framework in Frameworks */ = {isa = PBXBuildFile; fileRef = BFB49F7619CDF2E7006EE708 /* XCTest.framework */; };
		BFB49F7819CDF2E7006EE708 /* Foundation.framework in Frameworks */ = {isa = PBXBuildFile; fileRef = BFB49F5D19CDF2E7006EE708 /* Foundation.framework */; };
		BFB49F7919CDF2E7006EE708 /* UIKit.framework in Frameworks */ = {isa = PBXBuildFile; fileRef = BFB49F6119CDF2E7006EE708 /* UIKit.framework */; };
		BFB49F8119CDF2E7006EE708 /* InfoPlist.strings in Resources */ = {isa = PBXBuildFile; fileRef = BFB49F7F19CDF2E7006EE708 /* InfoPlist.strings */; };
		BFB49F8319CDF2E7006EE708 /* BikeRackLocatorTests.m in Sources */ = {isa = PBXBuildFile; fileRef = BFB49F8219CDF2E7006EE708 /* BikeRackLocatorTests.m */; };
		BFB49F8F19CDF59D006EE708 /* BRLMapViewController.m in Sources */ = {isa = PBXBuildFile; fileRef = BFB49F8D19CDF59D006EE708 /* BRLMapViewController.m */; };
		BFB49F9019CDF59D006EE708 /* BRLMapViewController.xib in Resources */ = {isa = PBXBuildFile; fileRef = BFB49F8E19CDF59D006EE708 /* BRLMapViewController.xib */; };
		BFB49F9519CDF83A006EE708 /* AVFoundation.framework in Frameworks */ = {isa = PBXBuildFile; fileRef = BFB49F9419CDF83A006EE708 /* AVFoundation.framework */; };
		BFB49F9719CDF841006EE708 /* CoreData.framework in Frameworks */ = {isa = PBXBuildFile; fileRef = BFB49F9619CDF841006EE708 /* CoreData.framework */; };
		BFB49F9919CDF8AF006EE708 /* CoreLocation.framework in Frameworks */ = {isa = PBXBuildFile; fileRef = BFB49F9819CDF8AF006EE708 /* CoreLocation.framework */; };
		BFB49F9B19CDF8B5006EE708 /* CoreText.framework in Frameworks */ = {isa = PBXBuildFile; fileRef = BFB49F9A19CDF8B5006EE708 /* CoreText.framework */; };
		BFB49F9D19CDF8C1006EE708 /* GLKit.framework in Frameworks */ = {isa = PBXBuildFile; fileRef = BFB49F9C19CDF8C1006EE708 /* GLKit.framework */; };
		BFB49F9F19CDF8D9006EE708 /* ImageIO.framework in Frameworks */ = {isa = PBXBuildFile; fileRef = BFB49F9E19CDF8D9006EE708 /* ImageIO.framework */; };
		BFB49FA119CDF8E6006EE708 /* libc++.dylib in Frameworks */ = {isa = PBXBuildFile; fileRef = BFB49FA019CDF8E6006EE708 /* libc++.dylib */; };
		BFB49FA319CDF8F7006EE708 /* libicucore.dylib in Frameworks */ = {isa = PBXBuildFile; fileRef = BFB49FA219CDF8F7006EE708 /* libicucore.dylib */; };
		BFB49FA519CDF902006EE708 /* libz.dylib in Frameworks */ = {isa = PBXBuildFile; fileRef = BFB49FA419CDF902006EE708 /* libz.dylib */; };
		BFB49FA719CDF909006EE708 /* OpenGLES.framework in Frameworks */ = {isa = PBXBuildFile; fileRef = BFB49FA619CDF909006EE708 /* OpenGLES.framework */; };
		BFB49FA919CDF91C006EE708 /* QuartzCore.framework in Frameworks */ = {isa = PBXBuildFile; fileRef = BFB49FA819CDF91C006EE708 /* QuartzCore.framework */; };
		BFB49FAB19CDF927006EE708 /* SystemConfiguration.framework in Frameworks */ = {isa = PBXBuildFile; fileRef = BFB49FAA19CDF927006EE708 /* SystemConfiguration.framework */; };
		BFB49FAD19CE0142006EE708 /* GoogleMaps.framework in Frameworks */ = {isa = PBXBuildFile; fileRef = BFB49FAC19CE0142006EE708 /* GoogleMaps.framework */; };
		BFB49FAF19CE016A006EE708 /* GoogleMaps.bundle in Resources */ = {isa = PBXBuildFile; fileRef = BFB49FAE19CE016A006EE708 /* GoogleMaps.bundle */; };
		BFB49FB119CE033E006EE708 /* ATTHack.PaloAlto.Location.gpx in Resources */ = {isa = PBXBuildFile; fileRef = BFB49FB019CE033E006EE708 /* ATTHack.PaloAlto.Location.gpx */; };
		BFB49FB619CE06F5006EE708 /* transitStop.json in Resources */ = {isa = PBXBuildFile; fileRef = BFB49FB519CE06F5006EE708 /* transitStop.json */; };
		BFB49FBA19CE0F6E006EE708 /* BRLTransitStop.m in Sources */ = {isa = PBXBuildFile; fileRef = BFB49FB919CE0F6E006EE708 /* BRLTransitStop.m */; };
		BFB49FBD19CE12CC006EE708 /* BRLTransitStopStorage.m in Sources */ = {isa = PBXBuildFile; fileRef = BFB49FBC19CE12CC006EE708 /* BRLTransitStopStorage.m */; };
		BFB49FBF19CE153B006EE708 /* pinsList.json in Resources */ = {isa = PBXBuildFile; fileRef = BFB49FBE19CE153B006EE708 /* pinsList.json */; };
/* End PBXBuildFile section */

/* Begin PBXContainerItemProxy section */
		BFB49F7A19CDF2E7006EE708 /* PBXContainerItemProxy */ = {
			isa = PBXContainerItemProxy;
			containerPortal = BFB49F5219CDF2E6006EE708 /* Project object */;
			proxyType = 1;
			remoteGlobalIDString = BFB49F5919CDF2E7006EE708;
			remoteInfo = BikeRackLocator;
		};
/* End PBXContainerItemProxy section */

/* Begin PBXFileReference section */
		BFB49F5A19CDF2E7006EE708 /* BikeRackLocator.app */ = {isa = PBXFileReference; explicitFileType = wrapper.application; includeInIndex = 0; path = BikeRackLocator.app; sourceTree = BUILT_PRODUCTS_DIR; };
		BFB49F5D19CDF2E7006EE708 /* Foundation.framework */ = {isa = PBXFileReference; lastKnownFileType = wrapper.framework; name = Foundation.framework; path = System/Library/Frameworks/Foundation.framework; sourceTree = SDKROOT; };
		BFB49F5F19CDF2E7006EE708 /* CoreGraphics.framework */ = {isa = PBXFileReference; lastKnownFileType = wrapper.framework; name = CoreGraphics.framework; path = System/Library/Frameworks/CoreGraphics.framework; sourceTree = SDKROOT; };
		BFB49F6119CDF2E7006EE708 /* UIKit.framework */ = {isa = PBXFileReference; lastKnownFileType = wrapper.framework; name = UIKit.framework; path = System/Library/Frameworks/UIKit.framework; sourceTree = SDKROOT; };
		BFB49F6519CDF2E7006EE708 /* BikeRackLocator-Info.plist */ = {isa = PBXFileReference; lastKnownFileType = text.plist.xml; path = "BikeRackLocator-Info.plist"; sourceTree = "<group>"; };
		BFB49F6719CDF2E7006EE708 /* en */ = {isa = PBXFileReference; lastKnownFileType = text.plist.strings; name = en; path = en.lproj/InfoPlist.strings; sourceTree = "<group>"; };
		BFB49F6919CDF2E7006EE708 /* main.m */ = {isa = PBXFileReference; lastKnownFileType = sourcecode.c.objc; path = main.m; sourceTree = "<group>"; };
		BFB49F6B19CDF2E7006EE708 /* BikeRackLocator-Prefix.pch */ = {isa = PBXFileReference; lastKnownFileType = sourcecode.c.h; path = "BikeRackLocator-Prefix.pch"; sourceTree = "<group>"; };
		BFB49F6C19CDF2E7006EE708 /* BRLAppDelegate.h */ = {isa = PBXFileReference; lastKnownFileType = sourcecode.c.h; path = BRLAppDelegate.h; sourceTree = "<group>"; };
		BFB49F6D19CDF2E7006EE708 /* BRLAppDelegate.m */ = {isa = PBXFileReference; lastKnownFileType = sourcecode.c.objc; path = BRLAppDelegate.m; sourceTree = "<group>"; };
		BFB49F6F19CDF2E7006EE708 /* Images.xcassets */ = {isa = PBXFileReference; lastKnownFileType = folder.assetcatalog; path = Images.xcassets; sourceTree = "<group>"; };
		BFB49F7519CDF2E7006EE708 /* BikeRackLocatorTests.xctest */ = {isa = PBXFileReference; explicitFileType = wrapper.cfbundle; includeInIndex = 0; path = BikeRackLocatorTests.xctest; sourceTree = BUILT_PRODUCTS_DIR; };
		BFB49F7619CDF2E7006EE708 /* XCTest.framework */ = {isa = PBXFileReference; lastKnownFileType = wrapper.framework; name = XCTest.framework; path = Library/Frameworks/XCTest.framework; sourceTree = DEVELOPER_DIR; };
		BFB49F7E19CDF2E7006EE708 /* BikeRackLocatorTests-Info.plist */ = {isa = PBXFileReference; lastKnownFileType = text.plist.xml; path = "BikeRackLocatorTests-Info.plist"; sourceTree = "<group>"; };
		BFB49F8019CDF2E7006EE708 /* en */ = {isa = PBXFileReference; lastKnownFileType = text.plist.strings; name = en; path = en.lproj/InfoPlist.strings; sourceTree = "<group>"; };
		BFB49F8219CDF2E7006EE708 /* BikeRackLocatorTests.m */ = {isa = PBXFileReference; lastKnownFileType = sourcecode.c.objc; path = BikeRackLocatorTests.m; sourceTree = "<group>"; };
		BFB49F8C19CDF59D006EE708 /* BRLMapViewController.h */ = {isa = PBXFileReference; fileEncoding = 4; lastKnownFileType = sourcecode.c.h; name = BRLMapViewController.h; path = Map/BRLMapViewController.h; sourceTree = "<group>"; };
		BFB49F8D19CDF59D006EE708 /* BRLMapViewController.m */ = {isa = PBXFileReference; fileEncoding = 4; lastKnownFileType = sourcecode.c.objc; name = BRLMapViewController.m; path = Map/BRLMapViewController.m; sourceTree = "<group>"; };
		BFB49F8E19CDF59D006EE708 /* BRLMapViewController.xib */ = {isa = PBXFileReference; fileEncoding = 4; lastKnownFileType = file.xib; name = BRLMapViewController.xib; path = Map/BRLMapViewController.xib; sourceTree = "<group>"; };
		BFB49F9419CDF83A006EE708 /* AVFoundation.framework */ = {isa = PBXFileReference; lastKnownFileType = wrapper.framework; name = AVFoundation.framework; path = System/Library/Frameworks/AVFoundation.framework; sourceTree = SDKROOT; };
		BFB49F9619CDF841006EE708 /* CoreData.framework */ = {isa = PBXFileReference; lastKnownFileType = wrapper.framework; name = CoreData.framework; path = System/Library/Frameworks/CoreData.framework; sourceTree = SDKROOT; };
		BFB49F9819CDF8AF006EE708 /* CoreLocation.framework */ = {isa = PBXFileReference; lastKnownFileType = wrapper.framework; name = CoreLocation.framework; path = System/Library/Frameworks/CoreLocation.framework; sourceTree = SDKROOT; };
		BFB49F9A19CDF8B5006EE708 /* CoreText.framework */ = {isa = PBXFileReference; lastKnownFileType = wrapper.framework; name = CoreText.framework; path = System/Library/Frameworks/CoreText.framework; sourceTree = SDKROOT; };
		BFB49F9C19CDF8C1006EE708 /* GLKit.framework */ = {isa = PBXFileReference; lastKnownFileType = wrapper.framework; name = GLKit.framework; path = System/Library/Frameworks/GLKit.framework; sourceTree = SDKROOT; };
		BFB49F9E19CDF8D9006EE708 /* ImageIO.framework */ = {isa = PBXFileReference; lastKnownFileType = wrapper.framework; name = ImageIO.framework; path = System/Library/Frameworks/ImageIO.framework; sourceTree = SDKROOT; };
		BFB49FA019CDF8E6006EE708 /* libc++.dylib */ = {isa = PBXFileReference; lastKnownFileType = "compiled.mach-o.dylib"; name = "libc++.dylib"; path = "usr/lib/libc++.dylib"; sourceTree = SDKROOT; };
		BFB49FA219CDF8F7006EE708 /* libicucore.dylib */ = {isa = PBXFileReference; lastKnownFileType = "compiled.mach-o.dylib"; name = libicucore.dylib; path = usr/lib/libicucore.dylib; sourceTree = SDKROOT; };
		BFB49FA419CDF902006EE708 /* libz.dylib */ = {isa = PBXFileReference; lastKnownFileType = "compiled.mach-o.dylib"; name = libz.dylib; path = usr/lib/libz.dylib; sourceTree = SDKROOT; };
		BFB49FA619CDF909006EE708 /* OpenGLES.framework */ = {isa = PBXFileReference; lastKnownFileType = wrapper.framework; name = OpenGLES.framework; path = System/Library/Frameworks/OpenGLES.framework; sourceTree = SDKROOT; };
		BFB49FA819CDF91C006EE708 /* QuartzCore.framework */ = {isa = PBXFileReference; lastKnownFileType = wrapper.framework; name = QuartzCore.framework; path = System/Library/Frameworks/QuartzCore.framework; sourceTree = SDKROOT; };
		BFB49FAA19CDF927006EE708 /* SystemConfiguration.framework */ = {isa = PBXFileReference; lastKnownFileType = wrapper.framework; name = SystemConfiguration.framework; path = System/Library/Frameworks/SystemConfiguration.framework; sourceTree = SDKROOT; };
		BFB49FAC19CE0142006EE708 /* GoogleMaps.framework */ = {isa = PBXFileReference; lastKnownFileType = wrapper.framework; path = GoogleMaps.framework; sourceTree = "<group>"; };
		BFB49FAE19CE016A006EE708 /* GoogleMaps.bundle */ = {isa = PBXFileReference; lastKnownFileType = "wrapper.plug-in"; name = GoogleMaps.bundle; path = GoogleMaps.framework/Versions/A/Resources/GoogleMaps.bundle; sourceTree = "<group>"; };
		BFB49FB019CE033E006EE708 /* ATTHack.PaloAlto.Location.gpx */ = {isa = PBXFileReference; fileEncoding = 4; lastKnownFileType = text.xml; name = ATTHack.PaloAlto.Location.gpx; path = ../gpx/ATTHack.PaloAlto.Location.gpx; sourceTree = "<group>"; };
		BFB49FB519CE06F5006EE708 /* transitStop.json */ = {isa = PBXFileReference; fileEncoding = 4; lastKnownFileType = text.json; name = transitStop.json; path = json/transitStop.json; sourceTree = "<group>"; };
		BFB49FB819CE0F6E006EE708 /* BRLTransitStop.h */ = {isa = PBXFileReference; fileEncoding = 4; lastKnownFileType = sourcecode.c.h; name = BRLTransitStop.h; path = Data/BRLTransitStop.h; sourceTree = "<group>"; };
		BFB49FB919CE0F6E006EE708 /* BRLTransitStop.m */ = {isa = PBXFileReference; fileEncoding = 4; lastKnownFileType = sourcecode.c.objc; name = BRLTransitStop.m; path = Data/BRLTransitStop.m; sourceTree = "<group>"; };
		BFB49FBB19CE12CC006EE708 /* BRLTransitStopStorage.h */ = {isa = PBXFileReference; fileEncoding = 4; lastKnownFileType = sourcecode.c.h; name = BRLTransitStopStorage.h; path = Data/BRLTransitStopStorage.h; sourceTree = "<group>"; };
		BFB49FBC19CE12CC006EE708 /* BRLTransitStopStorage.m */ = {isa = PBXFileReference; fileEncoding = 4; lastKnownFileType = sourcecode.c.objc; name = BRLTransitStopStorage.m; path = Data/BRLTransitStopStorage.m; sourceTree = "<group>"; };
		BFB49FBE19CE153B006EE708 /* pinsList.json */ = {isa = PBXFileReference; fileEncoding = 4; lastKnownFileType = text.json; name = pinsList.json; path = json/pinsList.json; sourceTree = "<group>"; };
/* End PBXFileReference section */

/* Begin PBXFrameworksBuildPhase section */
		BFB49F5719CDF2E7006EE708 /* Frameworks */ = {
			isa = PBXFrameworksBuildPhase;
			buildActionMask = 2147483647;
			files = (
				BFB49FAB19CDF927006EE708 /* SystemConfiguration.framework in Frameworks */,
				BFB49FA919CDF91C006EE708 /* QuartzCore.framework in Frameworks */,
				BFB49FA719CDF909006EE708 /* OpenGLES.framework in Frameworks */,
				BFB49FA519CDF902006EE708 /* libz.dylib in Frameworks */,
				BFB49FA319CDF8F7006EE708 /* libicucore.dylib in Frameworks */,
				BFB49FA119CDF8E6006EE708 /* libc++.dylib in Frameworks */,
				BFB49F9F19CDF8D9006EE708 /* ImageIO.framework in Frameworks */,
				BFB49F9D19CDF8C1006EE708 /* GLKit.framework in Frameworks */,
				BFB49F9B19CDF8B5006EE708 /* CoreText.framework in Frameworks */,
				BFB49F9919CDF8AF006EE708 /* CoreLocation.framework in Frameworks */,
				BFB49F9719CDF841006EE708 /* CoreData.framework in Frameworks */,
				BFB49F9519CDF83A006EE708 /* AVFoundation.framework in Frameworks */,
				BFB49F6019CDF2E7006EE708 /* CoreGraphics.framework in Frameworks */,
				BFB49F6219CDF2E7006EE708 /* UIKit.framework in Frameworks */,
				BFB49FAD19CE0142006EE708 /* GoogleMaps.framework in Frameworks */,
				BFB49F5E19CDF2E7006EE708 /* Foundation.framework in Frameworks */,
			);
			runOnlyForDeploymentPostprocessing = 0;
		};
		BFB49F7219CDF2E7006EE708 /* Frameworks */ = {
			isa = PBXFrameworksBuildPhase;
			buildActionMask = 2147483647;
			files = (
				BFB49F7719CDF2E7006EE708 /* XCTest.framework in Frameworks */,
				BFB49F7919CDF2E7006EE708 /* UIKit.framework in Frameworks */,
				BFB49F7819CDF2E7006EE708 /* Foundation.framework in Frameworks */,
			);
			runOnlyForDeploymentPostprocessing = 0;
		};
/* End PBXFrameworksBuildPhase section */

/* Begin PBXGroup section */
		BFB49F5119CDF2E6006EE708 = {
			isa = PBXGroup;
			children = (
				BFB49F6319CDF2E7006EE708 /* BikeRackLocator */,
				BFB49F6419CDF2E7006EE708 /* Supporting Files */,
				BFB49F7C19CDF2E7006EE708 /* BikeRackLocatorTests */,
				BFB49F5C19CDF2E7006EE708 /* Frameworks */,
				BFB49F5B19CDF2E7006EE708 /* Products */,
			);
			sourceTree = "<group>";
		};
		BFB49F5B19CDF2E7006EE708 /* Products */ = {
			isa = PBXGroup;
			children = (
				BFB49F5A19CDF2E7006EE708 /* BikeRackLocator.app */,
				BFB49F7519CDF2E7006EE708 /* BikeRackLocatorTests.xctest */,
			);
			name = Products;
			sourceTree = "<group>";
		};
		BFB49F5C19CDF2E7006EE708 /* Frameworks */ = {
			isa = PBXGroup;
			children = (
				BFB49FAE19CE016A006EE708 /* GoogleMaps.bundle */,
				BFB49FAC19CE0142006EE708 /* GoogleMaps.framework */,
				BFB49FAA19CDF927006EE708 /* SystemConfiguration.framework */,
				BFB49FA819CDF91C006EE708 /* QuartzCore.framework */,
				BFB49FA619CDF909006EE708 /* OpenGLES.framework */,
				BFB49FA419CDF902006EE708 /* libz.dylib */,
				BFB49FA219CDF8F7006EE708 /* libicucore.dylib */,
				BFB49FA019CDF8E6006EE708 /* libc++.dylib */,
				BFB49F9E19CDF8D9006EE708 /* ImageIO.framework */,
				BFB49F9C19CDF8C1006EE708 /* GLKit.framework */,
				BFB49F9A19CDF8B5006EE708 /* CoreText.framework */,
				BFB49F9819CDF8AF006EE708 /* CoreLocation.framework */,
				BFB49F9619CDF841006EE708 /* CoreData.framework */,
				BFB49F9419CDF83A006EE708 /* AVFoundation.framework */,
				BFB49F5D19CDF2E7006EE708 /* Foundation.framework */,
				BFB49F5F19CDF2E7006EE708 /* CoreGraphics.framework */,
				BFB49F6119CDF2E7006EE708 /* UIKit.framework */,
				BFB49F7619CDF2E7006EE708 /* XCTest.framework */,
			);
			name = Frameworks;
			sourceTree = "<group>";
		};
		BFB49F6319CDF2E7006EE708 /* BikeRackLocator */ = {
			isa = PBXGroup;
			children = (
				BFB49FB719CE0F48006EE708 /* Data */,
				BFB49F9119CDF5A5006EE708 /* Map */,
				BFB49F6C19CDF2E7006EE708 /* BRLAppDelegate.h */,
				BFB49F6D19CDF2E7006EE708 /* BRLAppDelegate.m */,
				BFB49F6F19CDF2E7006EE708 /* Images.xcassets */,
			);
			path = BikeRackLocator;
			sourceTree = "<group>";
		};
		BFB49F6419CDF2E7006EE708 /* Supporting Files */ = {
			isa = PBXGroup;
			children = (
				BFB49FB419CE05B9006EE708 /* json */,
				BFB49FB219CE0348006EE708 /* gpx */,
				BFB49F6519CDF2E7006EE708 /* BikeRackLocator-Info.plist */,
				BFB49F6619CDF2E7006EE708 /* InfoPlist.strings */,
				BFB49F6919CDF2E7006EE708 /* main.m */,
				BFB49F6B19CDF2E7006EE708 /* BikeRackLocator-Prefix.pch */,
			);
			name = "Supporting Files";
			path = BikeRackLocator;
			sourceTree = "<group>";
		};
		BFB49F7C19CDF2E7006EE708 /* BikeRackLocatorTests */ = {
			isa = PBXGroup;
			children = (
				BFB49F8219CDF2E7006EE708 /* BikeRackLocatorTests.m */,
				BFB49F7D19CDF2E7006EE708 /* Supporting Files */,
			);
			path = BikeRackLocatorTests;
			sourceTree = "<group>";
		};
		BFB49F7D19CDF2E7006EE708 /* Supporting Files */ = {
			isa = PBXGroup;
			children = (
				BFB49F7E19CDF2E7006EE708 /* BikeRackLocatorTests-Info.plist */,
				BFB49F7F19CDF2E7006EE708 /* InfoPlist.strings */,
			);
			name = "Supporting Files";
			sourceTree = "<group>";
		};
		BFB49F9119CDF5A5006EE708 /* Map */ = {
			isa = PBXGroup;
			children = (
				BFB49F8C19CDF59D006EE708 /* BRLMapViewController.h */,
				BFB49F8D19CDF59D006EE708 /* BRLMapViewController.m */,
				BFB49F8E19CDF59D006EE708 /* BRLMapViewController.xib */,
			);
			name = Map;
			sourceTree = "<group>";
		};
		BFB49FB219CE0348006EE708 /* gpx */ = {
			isa = PBXGroup;
			children = (
				BFB49FB019CE033E006EE708 /* ATTHack.PaloAlto.Location.gpx */,
			);
			name = gpx;
			sourceTree = "<group>";
		};
		BFB49FB419CE05B9006EE708 /* json */ = {
			isa = PBXGroup;
			children = (
				BFB49FB519CE06F5006EE708 /* transitStop.json */,
				BFB49FBE19CE153B006EE708 /* pinsList.json */,
			);
			name = json;
			sourceTree = "<group>";
		};
		BFB49FB719CE0F48006EE708 /* Data */ = {
			isa = PBXGroup;
			children = (
				BFB49FB819CE0F6E006EE708 /* BRLTransitStop.h */,
				BFB49FB919CE0F6E006EE708 /* BRLTransitStop.m */,
				BFB49FBB19CE12CC006EE708 /* BRLTransitStopStorage.h */,
				BFB49FBC19CE12CC006EE708 /* BRLTransitStopStorage.m */,
			);
			name = Data;
			sourceTree = "<group>";
		};
/* End PBXGroup section */

/* Begin PBXNativeTarget section */
		BFB49F5919CDF2E7006EE708 /* BikeRackLocator */ = {
			isa = PBXNativeTarget;
			buildConfigurationList = BFB49F8619CDF2E7006EE708 /* Build configuration list for PBXNativeTarget "BikeRackLocator" */;
			buildPhases = (
				BFB49F5619CDF2E7006EE708 /* Sources */,
				BFB49F5719CDF2E7006EE708 /* Frameworks */,
				BFB49F5819CDF2E7006EE708 /* Resources */,
			);
			buildRules = (
			);
			dependencies = (
			);
			name = BikeRackLocator;
			productName = BikeRackLocator;
			productReference = BFB49F5A19CDF2E7006EE708 /* BikeRackLocator.app */;
			productType = "com.apple.product-type.application";
		};
		BFB49F7419CDF2E7006EE708 /* BikeRackLocatorTests */ = {
			isa = PBXNativeTarget;
			buildConfigurationList = BFB49F8919CDF2E7006EE708 /* Build configuration list for PBXNativeTarget "BikeRackLocatorTests" */;
			buildPhases = (
				BFB49F7119CDF2E7006EE708 /* Sources */,
				BFB49F7219CDF2E7006EE708 /* Frameworks */,
				BFB49F7319CDF2E7006EE708 /* Resources */,
			);
			buildRules = (
			);
			dependencies = (
				BFB49F7B19CDF2E7006EE708 /* PBXTargetDependency */,
			);
			name = BikeRackLocatorTests;
			productName = BikeRackLocatorTests;
			productReference = BFB49F7519CDF2E7006EE708 /* BikeRackLocatorTests.xctest */;
			productType = "com.apple.product-type.bundle.unit-test";
		};
/* End PBXNativeTarget section */

/* Begin PBXProject section */
		BFB49F5219CDF2E6006EE708 /* Project object */ = {
			isa = PBXProject;
			attributes = {
				CLASSPREFIX = BRL;
				LastUpgradeCheck = 0510;
				ORGANIZATIONNAME = com.atthack;
				TargetAttributes = {
					BFB49F7419CDF2E7006EE708 = {
						TestTargetID = BFB49F5919CDF2E7006EE708;
					};
				};
			};
			buildConfigurationList = BFB49F5519CDF2E6006EE708 /* Build configuration list for PBXProject "BikeRackLocator" */;
			compatibilityVersion = "Xcode 3.2";
			developmentRegion = English;
			hasScannedForEncodings = 0;
			knownRegions = (
				en,
			);
			mainGroup = BFB49F5119CDF2E6006EE708;
			productRefGroup = BFB49F5B19CDF2E7006EE708 /* Products */;
			projectDirPath = "";
			projectRoot = "";
			targets = (
				BFB49F5919CDF2E7006EE708 /* BikeRackLocator */,
				BFB49F7419CDF2E7006EE708 /* BikeRackLocatorTests */,
			);
		};
/* End PBXProject section */

/* Begin PBXResourcesBuildPhase section */
		BFB49F5819CDF2E7006EE708 /* Resources */ = {
			isa = PBXResourcesBuildPhase;
			buildActionMask = 2147483647;
			files = (
				BFB49F6819CDF2E7006EE708 /* InfoPlist.strings in Resources */,
				BFB49FB119CE033E006EE708 /* ATTHack.PaloAlto.Location.gpx in Resources */,
				BFB49F9019CDF59D006EE708 /* BRLMapViewController.xib in Resources */,
				BFB49F7019CDF2E7006EE708 /* Images.xcassets in Resources */,
				BFB49FBF19CE153B006EE708 /* pinsList.json in Resources */,
				BFB49FAF19CE016A006EE708 /* GoogleMaps.bundle in Resources */,
				BFB49FB619CE06F5006EE708 /* transitStop.json in Resources */,
			);
			runOnlyForDeploymentPostprocessing = 0;
		};
		BFB49F7319CDF2E7006EE708 /* Resources */ = {
			isa = PBXResourcesBuildPhase;
			buildActionMask = 2147483647;
			files = (
				BFB49F8119CDF2E7006EE708 /* InfoPlist.strings in Resources */,
			);
			runOnlyForDeploymentPostprocessing = 0;
		};
/* End PBXResourcesBuildPhase section */

/* Begin PBXSourcesBuildPhase section */
		BFB49F5619CDF2E7006EE708 /* Sources */ = {
			isa = PBXSourcesBuildPhase;
			buildActionMask = 2147483647;
			files = (
				BFB49F6A19CDF2E7006EE708 /* main.m in Sources */,
				BFB49F6E19CDF2E7006EE708 /* BRLAppDelegate.m in Sources */,
				BFB49FBD19CE12CC006EE708 /* BRLTransitStopStorage.m in Sources */,
				BFB49FBA19CE0F6E006EE708 /* BRLTransitStop.m in Sources */,
				BFB49F8F19CDF59D006EE708 /* BRLMapViewController.m in Sources */,
			);
			runOnlyForDeploymentPostprocessing = 0;
		};
		BFB49F7119CDF2E7006EE708 /* Sources */ = {
			isa = PBXSourcesBuildPhase;
			buildActionMask = 2147483647;
			files = (
				BFB49F8319CDF2E7006EE708 /* BikeRackLocatorTests.m in Sources */,
			);
			runOnlyForDeploymentPostprocessing = 0;
		};
/* End PBXSourcesBuildPhase section */

/* Begin PBXTargetDependency section */
		BFB49F7B19CDF2E7006EE708 /* PBXTargetDependency */ = {
			isa = PBXTargetDependency;
			target = BFB49F5919CDF2E7006EE708 /* BikeRackLocator */;
			targetProxy = BFB49F7A19CDF2E7006EE708 /* PBXContainerItemProxy */;
		};
/* End PBXTargetDependency section */

/* Begin PBXVariantGroup section */
		BFB49F6619CDF2E7006EE708 /* InfoPlist.strings */ = {
			isa = PBXVariantGroup;
			children = (
				BFB49F6719CDF2E7006EE708 /* en */,
			);
			name = InfoPlist.strings;
			sourceTree = "<group>";
		};
		BFB49F7F19CDF2E7006EE708 /* InfoPlist.strings */ = {
			isa = PBXVariantGroup;
			children = (
				BFB49F8019CDF2E7006EE708 /* en */,
			);
			name = InfoPlist.strings;
			sourceTree = "<group>";
		};
/* End PBXVariantGroup section */

/* Begin XCBuildConfiguration section */
		BFB49F8419CDF2E7006EE708 /* Debug */ = {
			isa = XCBuildConfiguration;
			buildSettings = {
				ALWAYS_SEARCH_USER_PATHS = NO;
				CLANG_CXX_LANGUAGE_STANDARD = "gnu++0x";
				CLANG_CXX_LIBRARY = "libc++";
				CLANG_ENABLE_MODULES = YES;
				CLANG_ENABLE_OBJC_ARC = YES;
				CLANG_WARN_BOOL_CONVERSION = YES;
				CLANG_WARN_CONSTANT_CONVERSION = YES;
				CLANG_WARN_DIRECT_OBJC_ISA_USAGE = YES_ERROR;
				CLANG_WARN_EMPTY_BODY = YES;
				CLANG_WARN_ENUM_CONVERSION = YES;
				CLANG_WARN_INT_CONVERSION = YES;
				CLANG_WARN_OBJC_ROOT_CLASS = YES_ERROR;
				CLANG_WARN__DUPLICATE_METHOD_MATCH = YES;
				"CODE_SIGN_IDENTITY[sdk=iphoneos*]" = "iPhone Developer";
				COPY_PHASE_STRIP = NO;
				GCC_C_LANGUAGE_STANDARD = gnu99;
				GCC_DYNAMIC_NO_PIC = NO;
				GCC_OPTIMIZATION_LEVEL = 0;
				GCC_PREPROCESSOR_DEFINITIONS = (
					"DEBUG=1",
					"$(inherited)",
				);
				GCC_SYMBOLS_PRIVATE_EXTERN = NO;
				GCC_WARN_64_TO_32_BIT_CONVERSION = YES;
				GCC_WARN_ABOUT_RETURN_TYPE = YES_ERROR;
				GCC_WARN_UNDECLARED_SELECTOR = YES;
				GCC_WARN_UNINITIALIZED_AUTOS = YES_AGGRESSIVE;
				GCC_WARN_UNUSED_FUNCTION = YES;
				GCC_WARN_UNUSED_VARIABLE = YES;
				IPHONEOS_DEPLOYMENT_TARGET = 7.1;
				ONLY_ACTIVE_ARCH = YES;
				"OTHER_LDFLAGS[arch=*]" = "-ObjC";
				SDKROOT = iphoneos;
				TARGETED_DEVICE_FAMILY = "1,2";
			};
			name = Debug;
		};
		BFB49F8519CDF2E7006EE708 /* Release */ = {
			isa = XCBuildConfiguration;
			buildSettings = {
				ALWAYS_SEARCH_USER_PATHS = NO;
				CLANG_CXX_LANGUAGE_STANDARD = "gnu++0x";
				CLANG_CXX_LIBRARY = "libc++";
				CLANG_ENABLE_MODULES = YES;
				CLANG_ENABLE_OBJC_ARC = YES;
				CLANG_WARN_BOOL_CONVERSION = YES;
				CLANG_WARN_CONSTANT_CONVERSION = YES;
				CLANG_WARN_DIRECT_OBJC_ISA_USAGE = YES_ERROR;
				CLANG_WARN_EMPTY_BODY = YES;
				CLANG_WARN_ENUM_CONVERSION = YES;
				CLANG_WARN_INT_CONVERSION = YES;
				CLANG_WARN_OBJC_ROOT_CLASS = YES_ERROR;
				CLANG_WARN__DUPLICATE_METHOD_MATCH = YES;
				"CODE_SIGN_IDENTITY[sdk=iphoneos*]" = "iPhone Developer";
				COPY_PHASE_STRIP = YES;
				ENABLE_NS_ASSERTIONS = NO;
				GCC_C_LANGUAGE_STANDARD = gnu99;
				GCC_WARN_64_TO_32_BIT_CONVERSION = YES;
				GCC_WARN_ABOUT_RETURN_TYPE = YES_ERROR;
				GCC_WARN_UNDECLARED_SELECTOR = YES;
				GCC_WARN_UNINITIALIZED_AUTOS = YES_AGGRESSIVE;
				GCC_WARN_UNUSED_FUNCTION = YES;
				GCC_WARN_UNUSED_VARIABLE = YES;
				IPHONEOS_DEPLOYMENT_TARGET = 7.1;
				SDKROOT = iphoneos;
				TARGETED_DEVICE_FAMILY = "1,2";
				VALIDATE_PRODUCT = YES;
			};
			name = Release;
		};
		BFB49F8719CDF2E7006EE708 /* Debug */ = {
			isa = XCBuildConfiguration;
			buildSettings = {
				ASSETCATALOG_COMPILER_APPICON_NAME = AppIcon;
				ASSETCATALOG_COMPILER_LAUNCHIMAGE_NAME = LaunchImage;
				FRAMEWORK_SEARCH_PATHS = (
					"$(inherited)",
					"$(PROJECT_DIR)",
				);
				GCC_PRECOMPILE_PREFIX_HEADER = YES;
				GCC_PREFIX_HEADER = "BikeRackLocator/BikeRackLocator-Prefix.pch";
				INFOPLIST_FILE = "BikeRackLocator/BikeRackLocator-Info.plist";
				PRODUCT_NAME = "$(TARGET_NAME)";
				WRAPPER_EXTENSION = app;
			};
			name = Debug;
		};
		BFB49F8819CDF2E7006EE708 /* Release */ = {
			isa = XCBuildConfiguration;
			buildSettings = {
				ASSETCATALOG_COMPILER_APPICON_NAME = AppIcon;
				ASSETCATALOG_COMPILER_LAUNCHIMAGE_NAME = LaunchImage;
				FRAMEWORK_SEARCH_PATHS = (
					"$(inherited)",
					"$(PROJECT_DIR)",
				);
				GCC_PRECOMPILE_PREFIX_HEADER = YES;
				GCC_PREFIX_HEADER = "BikeRackLocator/BikeRackLocator-Prefix.pch";
				INFOPLIST_FILE = "BikeRackLocator/BikeRackLocator-Info.plist";
				PRODUCT_NAME = "$(TARGET_NAME)";
				WRAPPER_EXTENSION = app;
			};
			name = Release;
		};
		BFB49F8A19CDF2E7006EE708 /* Debug */ = {
			isa = XCBuildConfiguration;
			buildSettings = {
				BUNDLE_LOADER = "$(BUILT_PRODUCTS_DIR)/BikeRackLocator.app/BikeRackLocator";
				FRAMEWORK_SEARCH_PATHS = (
					"$(SDKROOT)/Developer/Library/Frameworks",
					"$(inherited)",
					"$(DEVELOPER_FRAMEWORKS_DIR)",
				);
				GCC_PRECOMPILE_PREFIX_HEADER = YES;
				GCC_PREFIX_HEADER = "BikeRackLocator/BikeRackLocator-Prefix.pch";
				GCC_PREPROCESSOR_DEFINITIONS = (
					"DEBUG=1",
					"$(inherited)",
				);
				INFOPLIST_FILE = "BikeRackLocatorTests/BikeRackLocatorTests-Info.plist";
				PRODUCT_NAME = "$(TARGET_NAME)";
				TEST_HOST = "$(BUNDLE_LOADER)";
				WRAPPER_EXTENSION = xctest;
			};
			name = Debug;
		};
		BFB49F8B19CDF2E7006EE708 /* Release */ = {
			isa = XCBuildConfiguration;
			buildSettings = {
				BUNDLE_LOADER = "$(BUILT_PRODUCTS_DIR)/BikeRackLocator.app/BikeRackLocator";
				FRAMEWORK_SEARCH_PATHS = (
					"$(SDKROOT)/Developer/Library/Frameworks",
					"$(inherited)",
					"$(DEVELOPER_FRAMEWORKS_DIR)",
				);
				GCC_PRECOMPILE_PREFIX_HEADER = YES;
				GCC_PREFIX_HEADER = "BikeRackLocator/BikeRackLocator-Prefix.pch";
				INFOPLIST_FILE = "BikeRackLocatorTests/BikeRackLocatorTests-Info.plist";
				PRODUCT_NAME = "$(TARGET_NAME)";
				TEST_HOST = "$(BUNDLE_LOADER)";
				WRAPPER_EXTENSION = xctest;
			};
			name = Release;
		};
/* End XCBuildConfiguration section */

/* Begin XCConfigurationList section */
		BFB49F5519CDF2E6006EE708 /* Build configuration list for PBXProject "BikeRackLocator" */ = {
			isa = XCConfigurationList;
			buildConfigurations = (
				BFB49F8419CDF2E7006EE708 /* Debug */,
				BFB49F8519CDF2E7006EE708 /* Release */,
			);
			defaultConfigurationIsVisible = 0;
			defaultConfigurationName = Release;
		};
		BFB49F8619CDF2E7006EE708 /* Build configuration list for PBXNativeTarget "BikeRackLocator" */ = {
			isa = XCConfigurationList;
			buildConfigurations = (
				BFB49F8719CDF2E7006EE708 /* Debug */,
				BFB49F8819CDF2E7006EE708 /* Release */,
			);
			defaultConfigurationIsVisible = 0;
		};
		BFB49F8919CDF2E7006EE708 /* Build configuration list for PBXNativeTarget "BikeRackLocatorTests" */ = {
			isa = XCConfigurationList;
			buildConfigurations = (
				BFB49F8A19CDF2E7006EE708 /* Debug */,
				BFB49F8B19CDF2E7006EE708 /* Release */,
			);
			defaultConfigurationIsVisible = 0;
		};
/* End XCConfigurationList section */
	};
	rootObject = BFB49F5219CDF2E6006EE708 /* Project object */;
}
